
Microsoft Visual Studio Solution File, Format Version 12.00
# Visual Studio 15
VisualStudioVersion = 15.0.28307.329
MinimumVisualStudioVersion = 10.0.40219.1
Project("{FAE04EC0-301F-11D3-BF4B-00C04F79EFBC}") = "Autodesk.GenerativeToolkit", "GenerativeToolkit\Autodesk.GenerativeToolkit.csproj", "{C0338A2E-8280-4B65-8007-5D2E8B7A243B}"
EndProject
Project("{FAE04EC0-301F-11D3-BF4B-00C04F79EFBC}") = "GenerativeToolkit.Graphs", "GenerativeToolkit.Graphs\GenerativeToolkit.Graphs.csproj", "{E7AEC112-DEEA-4D3E-A125-386CF8D93EAC}"
EndProject
Project("{FAE04EC0-301F-11D3-BF4B-00C04F79EFBC}") = "GenerativeToolkitTests", "Autodesk.GenerativeToolkitTests\GenerativeToolkitTests.csproj", "{131F7DDC-E68C-49ED-80CB-1211DF4E4C74}"
EndProject
Global
	GlobalSection(SolutionConfigurationPlatforms) = preSolution
		Debug|Any CPU = Debug|Any CPU
		Release|Any CPU = Release|Any CPU
	EndGlobalSection
	GlobalSection(ProjectConfigurationPlatforms) = postSolution
		{C0338A2E-8280-4B65-8007-5D2E8B7A243B}.Debug|Any CPU.ActiveCfg = Debug|Any CPU
		{C0338A2E-8280-4B65-8007-5D2E8B7A243B}.Debug|Any CPU.Build.0 = Debug|Any CPU
		{C0338A2E-8280-4B65-8007-5D2E8B7A243B}.Release|Any CPU.ActiveCfg = Release|Any CPU
		{C0338A2E-8280-4B65-8007-5D2E8B7A243B}.Release|Any CPU.Build.0 = Release|Any CPU
		{E7AEC112-DEEA-4D3E-A125-386CF8D93EAC}.Debug|Any CPU.ActiveCfg = Debug|Any CPU
		{E7AEC112-DEEA-4D3E-A125-386CF8D93EAC}.Debug|Any CPU.Build.0 = Debug|Any CPU
		{E7AEC112-DEEA-4D3E-A125-386CF8D93EAC}.Release|Any CPU.ActiveCfg = Release|Any CPU
		{E7AEC112-DEEA-4D3E-A125-386CF8D93EAC}.Release|Any CPU.Build.0 = Release|Any CPU
		{131F7DDC-E68C-49ED-80CB-1211DF4E4C74}.Debug|Any CPU.ActiveCfg = Debug|Any CPU
		{131F7DDC-E68C-49ED-80CB-1211DF4E4C74}.Debug|Any CPU.Build.0 = Debug|Any CPU
		{131F7DDC-E68C-49ED-80CB-1211DF4E4C74}.Release|Any CPU.ActiveCfg = Release|Any CPU
		{131F7DDC-E68C-49ED-80CB-1211DF4E4C74}.Release|Any CPU.Build.0 = Release|Any CPU
	EndGlobalSection
	GlobalSection(SolutionProperties) = preSolution
		HideSolutionNode = FALSE
	EndGlobalSection
	GlobalSection(ExtensibilityGlobals) = postSolution
		SolutionGuid = {ADD24562-8CC9-4E66-9991-C7273EC5CE2B}
	EndGlobalSection
EndGlobal
